// !$*UTF8*$!
{
	archiveVersion = 1;
	classes = {
	};
	objectVersion = 50;
	objects = {

/* Begin PBXBuildFile section */
		56EB8EC6216B0A42009CB1F8 /* AppDelegate.swift in Sources */ = {isa = PBXBuildFile; fileRef = 56EB8EC5216B0A42009CB1F8 /* AppDelegate.swift */; };
		56EB8EC8216B0A42009CB1F8 /* ViewController.swift in Sources */ = {isa = PBXBuildFile; fileRef = 56EB8EC7216B0A42009CB1F8 /* ViewController.swift */; };
		56EB8ECB216B0A42009CB1F8 /* Main.storyboard in Resources */ = {isa = PBXBuildFile; fileRef = 56EB8EC9216B0A42009CB1F8 /* Main.storyboard */; };
		56EB8ECD216B0A43009CB1F8 /* Assets.xcassets in Resources */ = {isa = PBXBuildFile; fileRef = 56EB8ECC216B0A43009CB1F8 /* Assets.xcassets */; };
		56EB8ED0216B0A43009CB1F8 /* LaunchScreen.storyboard in Resources */ = {isa = PBXBuildFile; fileRef = 56EB8ECE216B0A43009CB1F8 /* LaunchScreen.storyboard */; };
		56EB8EDB216B0A44009CB1F8 /* PitchDarkTests.swift in Sources */ = {isa = PBXBuildFile; fileRef = 56EB8EDA216B0A44009CB1F8 /* PitchDarkTests.swift */; };
		56EB8EE6216B0A44009CB1F8 /* PitchDarkUITests.swift in Sources */ = {isa = PBXBuildFile; fileRef = 56EB8EE5216B0A44009CB1F8 /* PitchDarkUITests.swift */; };
/* End PBXBuildFile section */

/* Begin PBXContainerItemProxy section */
		56EB8ED7216B0A44009CB1F8 /* PBXContainerItemProxy */ = {
			isa = PBXContainerItemProxy;
			containerPortal = 56EB8EBA216B0A42009CB1F8 /* Project object */;
			proxyType = 1;
			remoteGlobalIDString = 56EB8EC1216B0A42009CB1F8;
			remoteInfo = PitchDark;
		};
		56EB8EE2216B0A44009CB1F8 /* PBXContainerItemProxy */ = {
			isa = PBXContainerItemProxy;
			containerPortal = 56EB8EBA216B0A42009CB1F8 /* Project object */;
			proxyType = 1;
			remoteGlobalIDString = 56EB8EC1216B0A42009CB1F8;
			remoteInfo = PitchDark;
		};
/* End PBXContainerItemProxy section */

/* Begin PBXFileReference section */
		56EB8EC2216B0A42009CB1F8 /* PitchDark.app */ = {isa = PBXFileReference; explicitFileType = wrapper.application; includeInIndex = 0; path = PitchDark.app; sourceTree = BUILT_PRODUCTS_DIR; };
		56EB8EC5216B0A42009CB1F8 /* AppDelegate.swift */ = {isa = PBXFileReference; lastKnownFileType = sourcecode.swift; path = AppDelegate.swift; sourceTree = "<group>"; };
		56EB8EC7216B0A42009CB1F8 /* ViewController.swift */ = {isa = PBXFileReference; lastKnownFileType = sourcecode.swift; path = ViewController.swift; sourceTree = "<group>"; };
		56EB8ECA216B0A42009CB1F8 /* Base */ = {isa = PBXFileReference; lastKnownFileType = file.storyboard; name = Base; path = Base.lproj/Main.storyboard; sourceTree = "<group>"; };
		56EB8ECC216B0A43009CB1F8 /* Assets.xcassets */ = {isa = PBXFileReference; lastKnownFileType = folder.assetcatalog; path = Assets.xcassets; sourceTree = "<group>"; };
		56EB8ECF216B0A43009CB1F8 /* Base */ = {isa = PBXFileReference; lastKnownFileType = file.storyboard; name = Base; path = Base.lproj/LaunchScreen.storyboard; sourceTree = "<group>"; };
		56EB8ED1216B0A44009CB1F8 /* Info.plist */ = {isa = PBXFileReference; lastKnownFileType = text.plist.xml; path = Info.plist; sourceTree = "<group>"; };
		56EB8ED6216B0A44009CB1F8 /* PitchDarkTests.xctest */ = {isa = PBXFileReference; explicitFileType = wrapper.cfbundle; includeInIndex = 0; path = PitchDarkTests.xctest; sourceTree = BUILT_PRODUCTS_DIR; };
		56EB8EDA216B0A44009CB1F8 /* PitchDarkTests.swift */ = {isa = PBXFileReference; lastKnownFileType = sourcecode.swift; path = PitchDarkTests.swift; sourceTree = "<group>"; };
		56EB8EDC216B0A44009CB1F8 /* Info.plist */ = {isa = PBXFileReference; lastKnownFileType = text.plist.xml; path = Info.plist; sourceTree = "<group>"; };
		56EB8EE1216B0A44009CB1F8 /* PitchDarkUITests.xctest */ = {isa = PBXFileReference; explicitFileType = wrapper.cfbundle; includeInIndex = 0; path = PitchDarkUITests.xctest; sourceTree = BUILT_PRODUCTS_DIR; };
		56EB8EE5216B0A44009CB1F8 /* PitchDarkUITests.swift */ = {isa = PBXFileReference; lastKnownFileType = sourcecode.swift; path = PitchDarkUITests.swift; sourceTree = "<group>"; };
		56EB8EE7216B0A44009CB1F8 /* Info.plist */ = {isa = PBXFileReference; lastKnownFileType = text.plist.xml; path = Info.plist; sourceTree = "<group>"; };
/* End PBXFileReference section */

/* Begin PBXFrameworksBuildPhase section */
		56EB8EBF216B0A42009CB1F8 /* Frameworks */ = {
			isa = PBXFrameworksBuildPhase;
			buildActionMask = 2147483647;
			files = (
			);
			runOnlyForDeploymentPostprocessing = 0;
		};
		56EB8ED3216B0A44009CB1F8 /* Frameworks */ = {
			isa = PBXFrameworksBuildPhase;
			buildActionMask = 2147483647;
			files = (
			);
			runOnlyForDeploymentPostprocessing = 0;
		};
		56EB8EDE216B0A44009CB1F8 /* Frameworks */ = {
			isa = PBXFrameworksBuildPhase;
			buildActionMask = 2147483647;
			files = (
			);
			runOnlyForDeploymentPostprocessing = 0;
		};
/* End PBXFrameworksBuildPhase section */

/* Begin PBXGroup section */
		56EB8EB9216B0A42009CB1F8 = {
			isa = PBXGroup;
			children = (
				56EB8EC4216B0A42009CB1F8 /* PitchDark */,
				56EB8ED9216B0A44009CB1F8 /* PitchDarkTests */,
				56EB8EE4216B0A44009CB1F8 /* PitchDarkUITests */,
				56EB8EC3216B0A42009CB1F8 /* Products */,
			);
			sourceTree = "<group>";
		};
		56EB8EC3216B0A42009CB1F8 /* Products */ = {
			isa = PBXGroup;
			children = (
				56EB8EC2216B0A42009CB1F8 /* PitchDark.app */,
				56EB8ED6216B0A44009CB1F8 /* PitchDarkTests.xctest */,
				56EB8EE1216B0A44009CB1F8 /* PitchDarkUITests.xctest */,
			);
			name = Products;
			sourceTree = "<group>";
		};
		56EB8EC4216B0A42009CB1F8 /* PitchDark */ = {
			isa = PBXGroup;
			children = (
				56EB8EC5216B0A42009CB1F8 /* AppDelegate.swift */,
				56EB8EC7216B0A42009CB1F8 /* ViewController.swift */,
				56EB8EC9216B0A42009CB1F8 /* Main.storyboard */,
				56EB8ECC216B0A43009CB1F8 /* Assets.xcassets */,
				56EB8ECE216B0A43009CB1F8 /* LaunchScreen.storyboard */,
				56EB8ED1216B0A44009CB1F8 /* Info.plist */,
			);
			path = PitchDark;
			sourceTree = "<group>";
		};
		56EB8ED9216B0A44009CB1F8 /* PitchDarkTests */ = {
			isa = PBXGroup;
			children = (
				56EB8EDA216B0A44009CB1F8 /* PitchDarkTests.swift */,
				56EB8EDC216B0A44009CB1F8 /* Info.plist */,
			);
			path = PitchDarkTests;
			sourceTree = "<group>";
		};
		56EB8EE4216B0A44009CB1F8 /* PitchDarkUITests */ = {
			isa = PBXGroup;
			children = (
				56EB8EE5216B0A44009CB1F8 /* PitchDarkUITests.swift */,
				56EB8EE7216B0A44009CB1F8 /* Info.plist */,
			);
			path = PitchDarkUITests;
			sourceTree = "<group>";
		};
/* End PBXGroup section */

/* Begin PBXNativeTarget section */
		56EB8EC1216B0A42009CB1F8 /* PitchDark */ = {
			isa = PBXNativeTarget;
			buildConfigurationList = 56EB8EEA216B0A44009CB1F8 /* Build configuration list for PBXNativeTarget "PitchDark" */;
			buildPhases = (
				56EB8EBE216B0A42009CB1F8 /* Sources */,
				56EB8EBF216B0A42009CB1F8 /* Frameworks */,
				56EB8EC0216B0A42009CB1F8 /* Resources */,
			);
			buildRules = (
			);
			dependencies = (
			);
			name = PitchDark;
			productName = PitchDark;
			productReference = 56EB8EC2216B0A42009CB1F8 /* PitchDark.app */;
			productType = "com.apple.product-type.application";
		};
		56EB8ED5216B0A44009CB1F8 /* PitchDarkTests */ = {
			isa = PBXNativeTarget;
			buildConfigurationList = 56EB8EED216B0A44009CB1F8 /* Build configuration list for PBXNativeTarget "PitchDarkTests" */;
			buildPhases = (
				56EB8ED2216B0A44009CB1F8 /* Sources */,
				56EB8ED3216B0A44009CB1F8 /* Frameworks */,
				56EB8ED4216B0A44009CB1F8 /* Resources */,
			);
			buildRules = (
			);
			dependencies = (
				56EB8ED8216B0A44009CB1F8 /* PBXTargetDependency */,
			);
			name = PitchDarkTests;
			productName = PitchDarkTests;
			productReference = 56EB8ED6216B0A44009CB1F8 /* PitchDarkTests.xctest */;
			productType = "com.apple.product-type.bundle.unit-test";
		};
		56EB8EE0216B0A44009CB1F8 /* PitchDarkUITests */ = {
			isa = PBXNativeTarget;
			buildConfigurationList = 56EB8EF0216B0A44009CB1F8 /* Build configuration list for PBXNativeTarget "PitchDarkUITests" */;
			buildPhases = (
				56EB8EDD216B0A44009CB1F8 /* Sources */,
				56EB8EDE216B0A44009CB1F8 /* Frameworks */,
				56EB8EDF216B0A44009CB1F8 /* Resources */,
			);
			buildRules = (
			);
			dependencies = (
				56EB8EE3216B0A44009CB1F8 /* PBXTargetDependency */,
			);
			name = PitchDarkUITests;
			productName = PitchDarkUITests;
			productReference = 56EB8EE1216B0A44009CB1F8 /* PitchDarkUITests.xctest */;
			productType = "com.apple.product-type.bundle.ui-testing";
		};
/* End PBXNativeTarget section */

/* Begin PBXProject section */
		56EB8EBA216B0A42009CB1F8 /* Project object */ = {
			isa = PBXProject;
			attributes = {
				LastSwiftUpdateCheck = 0940;
				LastUpgradeCheck = 0940;
				ORGANIZATIONNAME = PitchDark;
				TargetAttributes = {
					56EB8EC1216B0A42009CB1F8 = {
						CreatedOnToolsVersion = 9.4.1;
					};
					56EB8ED5216B0A44009CB1F8 = {
						CreatedOnToolsVersion = 9.4.1;
						TestTargetID = 56EB8EC1216B0A42009CB1F8;
					};
					56EB8EE0216B0A44009CB1F8 = {
						CreatedOnToolsVersion = 9.4.1;
						TestTargetID = 56EB8EC1216B0A42009CB1F8;
					};
				};
			};
			buildConfigurationList = 56EB8EBD216B0A42009CB1F8 /* Build configuration list for PBXProject "PitchDark" */;
			compatibilityVersion = "Xcode 9.3";
			developmentRegion = en;
			hasScannedForEncodings = 0;
			knownRegions = (
				en,
				Base,
			);
			mainGroup = 56EB8EB9216B0A42009CB1F8;
			productRefGroup = 56EB8EC3216B0A42009CB1F8 /* Products */;
			projectDirPath = "";
			projectRoot = "";
			targets = (
				56EB8EC1216B0A42009CB1F8 /* PitchDark */,
				56EB8ED5216B0A44009CB1F8 /* PitchDarkTests */,
				56EB8EE0216B0A44009CB1F8 /* PitchDarkUITests */,
			);
		};
/* End PBXProject section */

/* Begin PBXResourcesBuildPhase section */
		56EB8EC0216B0A42009CB1F8 /* Resources */ = {
			isa = PBXResourcesBuildPhase;
			buildActionMask = 2147483647;
			files = (
				56EB8ED0216B0A43009CB1F8 /* LaunchScreen.storyboard in Resources */,
				56EB8ECD216B0A43009CB1F8 /* Assets.xcassets in Resources */,
				56EB8ECB216B0A42009CB1F8 /* Main.storyboard in Resources */,
			);
			runOnlyForDeploymentPostprocessing = 0;
		};
		56EB8ED4216B0A44009CB1F8 /* Resources */ = {
			isa = PBXResourcesBuildPhase;
			buildActionMask = 2147483647;
			files = (
			);
			runOnlyForDeploymentPostprocessing = 0;
		};
		56EB8EDF216B0A44009CB1F8 /* Resources */ = {
			isa = PBXResourcesBuildPhase;
			buildActionMask = 2147483647;
			files = (
			);
			runOnlyForDeploymentPostprocessing = 0;
		};
/* End PBXResourcesBuildPhase section */

/* Begin PBXSourcesBuildPhase section */
		56EB8EBE216B0A42009CB1F8 /* Sources */ = {
			isa = PBXSourcesBuildPhase;
			buildActionMask = 2147483647;
			files = (
				56EB8EC8216B0A42009CB1F8 /* ViewController.swift in Sources */,
				56EB8EC6216B0A42009CB1F8 /* AppDelegate.swift in Sources */,
			);
			runOnlyForDeploymentPostprocessing = 0;
		};
		56EB8ED2216B0A44009CB1F8 /* Sources */ = {
			isa = PBXSourcesBuildPhase;
			buildActionMask = 2147483647;
			files = (
				56EB8EDB216B0A44009CB1F8 /* PitchDarkTests.swift in Sources */,
			);
			runOnlyForDeploymentPostprocessing = 0;
		};
		56EB8EDD216B0A44009CB1F8 /* Sources */ = {
			isa = PBXSourcesBuildPhase;
			buildActionMask = 2147483647;
			files = (
				56EB8EE6216B0A44009CB1F8 /* PitchDarkUITests.swift in Sources */,
			);
			runOnlyForDeploymentPostprocessing = 0;
		};
/* End PBXSourcesBuildPhase section */

/* Begin PBXTargetDependency section */
		56EB8ED8216B0A44009CB1F8 /* PBXTargetDependency */ = {
			isa = PBXTargetDependency;
			target = 56EB8EC1216B0A42009CB1F8 /* PitchDark */;
			targetProxy = 56EB8ED7216B0A44009CB1F8 /* PBXContainerItemProxy */;
		};
		56EB8EE3216B0A44009CB1F8 /* PBXTargetDependency */ = {
			isa = PBXTargetDependency;
			target = 56EB8EC1216B0A42009CB1F8 /* PitchDark */;
			targetProxy = 56EB8EE2216B0A44009CB1F8 /* PBXContainerItemProxy */;
		};
/* End PBXTargetDependency section */

/* Begin PBXVariantGroup section */
		56EB8EC9216B0A42009CB1F8 /* Main.storyboard */ = {
			isa = PBXVariantGroup;
			children = (
				56EB8ECA216B0A42009CB1F8 /* Base */,
			);
			name = Main.storyboard;
			sourceTree = "<group>";
		};
		56EB8ECE216B0A43009CB1F8 /* LaunchScreen.storyboard */ = {
			isa = PBXVariantGroup;
			children = (
				56EB8ECF216B0A43009CB1F8 /* Base */,
			);
			name = LaunchScreen.storyboard;
			sourceTree = "<group>";
		};
/* End PBXVariantGroup section */

/* Begin XCBuildConfiguration section */
		56EB8EE8216B0A44009CB1F8 /* Debug */ = {
			isa = XCBuildConfiguration;
			buildSettings = {
				ALWAYS_SEARCH_USER_PATHS = NO;
				CLANG_ANALYZER_NONNULL = YES;
				CLANG_ANALYZER_NUMBER_OBJECT_CONVERSION = YES_AGGRESSIVE;
				CLANG_CXX_LANGUAGE_STANDARD = "gnu++14";
				CLANG_CXX_LIBRARY = "libc++";
				CLANG_ENABLE_MODULES = YES;
				CLANG_ENABLE_OBJC_ARC = YES;
				CLANG_ENABLE_OBJC_WEAK = YES;
				CLANG_WARN_BLOCK_CAPTURE_AUTORELEASING = YES;
				CLANG_WARN_BOOL_CONVERSION = YES;
				CLANG_WARN_COMMA = YES;
				CLANG_WARN_CONSTANT_CONVERSION = YES;
				CLANG_WARN_DEPRECATED_OBJC_IMPLEMENTATIONS = YES;
				CLANG_WARN_DIRECT_OBJC_ISA_USAGE = YES_ERROR;
				CLANG_WARN_DOCUMENTATION_COMMENTS = YES;
				CLANG_WARN_EMPTY_BODY = YES;
				CLANG_WARN_ENUM_CONVERSION = YES;
				CLANG_WARN_INFINITE_RECURSION = YES;
				CLANG_WARN_INT_CONVERSION = YES;
				CLANG_WARN_NON_LITERAL_NULL_CONVERSION = YES;
				CLANG_WARN_OBJC_IMPLICIT_RETAIN_SELF = YES;
				CLANG_WARN_OBJC_LITERAL_CONVERSION = YES;
				CLANG_WARN_OBJC_ROOT_CLASS = YES_ERROR;
				CLANG_WARN_RANGE_LOOP_ANALYSIS = YES;
				CLANG_WARN_STRICT_PROTOTYPES = YES;
				CLANG_WARN_SUSPICIOUS_MOVE = YES;
				CLANG_WARN_UNGUARDED_AVAILABILITY = YES_AGGRESSIVE;
				CLANG_WARN_UNREACHABLE_CODE = YES;
				CLANG_WARN__DUPLICATE_METHOD_MATCH = YES;
				CODE_SIGN_IDENTITY = "iPhone Developer";
				COPY_PHASE_STRIP = NO;
				DEBUG_INFORMATION_FORMAT = dwarf;
				ENABLE_STRICT_OBJC_MSGSEND = YES;
				ENABLE_TESTABILITY = YES;
				GCC_C_LANGUAGE_STANDARD = gnu11;
				GCC_DYNAMIC_NO_PIC = NO;
				GCC_NO_COMMON_BLOCKS = YES;
				GCC_OPTIMIZATION_LEVEL = 0;
				GCC_PREPROCESSOR_DEFINITIONS = (
					"DEBUG=1",
					"$(inherited)",
				);
				GCC_WARN_64_TO_32_BIT_CONVERSION = YES;
				GCC_WARN_ABOUT_RETURN_TYPE = YES_ERROR;
				GCC_WARN_UNDECLARED_SELECTOR = YES;
				GCC_WARN_UNINITIALIZED_AUTOS = YES_AGGRESSIVE;
				GCC_WARN_UNUSED_FUNCTION = YES;
				GCC_WARN_UNUSED_VARIABLE = YES;
				IPHONEOS_DEPLOYMENT_TARGET = 11.4;
				MTL_ENABLE_DEBUG_INFO = YES;
				ONLY_ACTIVE_ARCH = YES;
				SDKROOT = iphoneos;
				SWIFT_ACTIVE_COMPILATION_CONDITIONS = DEBUG;
				SWIFT_OPTIMIZATION_LEVEL = "-Onone";
			};
			name = Debug;
		};
		56EB8EE9216B0A44009CB1F8 /* Release */ = {
			isa = XCBuildConfiguration;
			buildSettings = {
				ALWAYS_SEARCH_USER_PATHS = NO;
				CLANG_ANALYZER_NONNULL = YES;
				CLANG_ANALYZER_NUMBER_OBJECT_CONVERSION = YES_AGGRESSIVE;
				CLANG_CXX_LANGUAGE_STANDARD = "gnu++14";
				CLANG_CXX_LIBRARY = "libc++";
				CLANG_ENABLE_MODULES = YES;
				CLANG_ENABLE_OBJC_ARC = YES;
				CLANG_ENABLE_OBJC_WEAK = YES;
				CLANG_WARN_BLOCK_CAPTURE_AUTORELEASING = YES;
				CLANG_WARN_BOOL_CONVERSION = YES;
				CLANG_WARN_COMMA = YES;
				CLANG_WARN_CONSTANT_CONVERSION = YES;
				CLANG_WARN_DEPRECATED_OBJC_IMPLEMENTATIONS = YES;
				CLANG_WARN_DIRECT_OBJC_ISA_USAGE = YES_ERROR;
				CLANG_WARN_DOCUMENTATION_COMMENTS = YES;
				CLANG_WARN_EMPTY_BODY = YES;
				CLANG_WARN_ENUM_CONVERSION = YES;
				CLANG_WARN_INFINITE_RECURSION = YES;
				CLANG_WARN_INT_CONVERSION = YES;
				CLANG_WARN_NON_LITERAL_NULL_CONVERSION = YES;
				CLANG_WARN_OBJC_IMPLICIT_RETAIN_SELF = YES;
				CLANG_WARN_OBJC_LITERAL_CONVERSION = YES;
				CLANG_WARN_OBJC_ROOT_CLASS = YES_ERROR;
				CLANG_WARN_RANGE_LOOP_ANALYSIS = YES;
				CLANG_WARN_STRICT_PROTOTYPES = YES;
				CLANG_WARN_SUSPICIOUS_MOVE = YES;
				CLANG_WARN_UNGUARDED_AVAILABILITY = YES_AGGRESSIVE;
				CLANG_WARN_UNREACHABLE_CODE = YES;
				CLANG_WARN__DUPLICATE_METHOD_MATCH = YES;
				CODE_SIGN_IDENTITY = "iPhone Developer";
				COPY_PHASE_STRIP = NO;
				DEBUG_INFORMATION_FORMAT = "dwarf-with-dsym";
				ENABLE_NS_ASSERTIONS = NO;
				ENABLE_STRICT_OBJC_MSGSEND = YES;
				GCC_C_LANGUAGE_STANDARD = gnu11;
				GCC_NO_COMMON_BLOCKS = YES;
				GCC_WARN_64_TO_32_BIT_CONVERSION = YES;
				GCC_WARN_ABOUT_RETURN_TYPE = YES_ERROR;
				GCC_WARN_UNDECLARED_SELECTOR = YES;
				GCC_WARN_UNINITIALIZED_AUTOS = YES_AGGRESSIVE;
				GCC_WARN_UNUSED_FUNCTION = YES;
				GCC_WARN_UNUSED_VARIABLE = YES;
				IPHONEOS_DEPLOYMENT_TARGET = 11.4;
				MTL_ENABLE_DEBUG_INFO = NO;
				SDKROOT = iphoneos;
				SWIFT_COMPILATION_MODE = wholemodule;
				SWIFT_OPTIMIZATION_LEVEL = "-O";
				VALIDATE_PRODUCT = YES;
			};
			name = Release;
		};
		56EB8EEB216B0A44009CB1F8 /* Debug */ = {
			isa = XCBuildConfiguration;
			buildSettings = {
				ASSETCATALOG_COMPILER_APPICON_NAME = AppIcon;
				CODE_SIGN_STYLE = Automatic;
				DEVELOPMENT_TEAM = C528296QNY;
				INFOPLIST_FILE = PitchDark/Info.plist;
				LD_RUNPATH_SEARCH_PATHS = (
					"$(inherited)",
					"@executable_path/Frameworks",
				);
				PRODUCT_BUNDLE_IDENTIFIER = com.codepath.PitchDark;
				PRODUCT_NAME = "$(TARGET_NAME)";
				SWIFT_VERSION = 4.0;
				TARGETED_DEVICE_FAMILY = "1,2";
			};
			name = Debug;
		};
		56EB8EEC216B0A44009CB1F8 /* Release */ = {
			isa = XCBuildConfiguration;
			buildSettings = {
				ASSETCATALOG_COMPILER_APPICON_NAME = AppIcon;
				CODE_SIGN_STYLE = Automatic;
				DEVELOPMENT_TEAM = C528296QNY;
				INFOPLIST_FILE = PitchDark/Info.plist;
				LD_RUNPATH_SEARCH_PATHS = (
					"$(inherited)",
					"@executable_path/Frameworks",
				);
				PRODUCT_BUNDLE_IDENTIFIER = com.codepath.PitchDark;
				PRODUCT_NAME = "$(TARGET_NAME)";
				SWIFT_VERSION = 4.0;
				TARGETED_DEVICE_FAMILY = "1,2";
			};
			name = Release;
		};
		56EB8EEE216B0A44009CB1F8 /* Debug */ = {
			isa = XCBuildConfiguration;
			buildSettings = {
				ALWAYS_EMBED_SWIFT_STANDARD_LIBRARIES = YES;
				BUNDLE_LOADER = "$(TEST_HOST)";
				CODE_SIGN_STYLE = Automatic;
				DEVELOPMENT_TEAM = C528296QNY;
				INFOPLIST_FILE = PitchDarkTests/Info.plist;
				LD_RUNPATH_SEARCH_PATHS = (
					"$(inherited)",
					"@executable_path/Frameworks",
					"@loader_path/Frameworks",
				);
				PRODUCT_BUNDLE_IDENTIFIER = com.codepath.PitchDarkTests;
				PRODUCT_NAME = "$(TARGET_NAME)";
				SWIFT_VERSION = 4.0;
				TARGETED_DEVICE_FAMILY = "1,2";
				TEST_HOST = "$(BUILT_PRODUCTS_DIR)/PitchDark.app/PitchDark";
			};
			name = Debug;
		};
		56EB8EEF216B0A44009CB1F8 /* Release */ = {
			isa = XCBuildConfiguration;
			buildSettings = {
				ALWAYS_EMBED_SWIFT_STANDARD_LIBRARIES = YES;
				BUNDLE_LOADER = "$(TEST_HOST)";
				CODE_SIGN_STYLE = Automatic;
				DEVELOPMENT_TEAM = C528296QNY;
				INFOPLIST_FILE = PitchDarkTests/Info.plist;
				LD_RUNPATH_SEARCH_PATHS = (
					"$(inherited)",
					"@executable_path/Frameworks",
					"@loader_path/Frameworks",
				);
				PRODUCT_BUNDLE_IDENTIFIER = com.codepath.PitchDarkTests;
				PRODUCT_NAME = "$(TARGET_NAME)";
				SWIFT_VERSION = 4.0;
				TARGETED_DEVICE_FAMILY = "1,2";
				TEST_HOST = "$(BUILT_PRODUCTS_DIR)/PitchDark.app/PitchDark";
			};
			name = Release;
		};
		56EB8EF1216B0A44009CB1F8 /* Debug */ = {
			isa = XCBuildConfiguration;
			buildSettings = {
				ALWAYS_EMBED_SWIFT_STANDARD_LIBRARIES = YES;
				CODE_SIGN_STYLE = Automatic;
				DEVELOPMENT_TEAM = C528296QNY;
				INFOPLIST_FILE = PitchDarkUITests/Info.plist;
				LD_RUNPATH_SEARCH_PATHS = (
					"$(inherited)",
					"@executable_path/Frameworks",
					"@loader_path/Frameworks",
				);
				PRODUCT_BUNDLE_IDENTIFIER = com.codepath.PitchDarkUITests;
				PRODUCT_NAME = "$(TARGET_NAME)";
				SWIFT_VERSION = 4.0;
				TARGETED_DEVICE_FAMILY = "1,2";
				TEST_TARGET_NAME = PitchDark;
			};
			name = Debug;
		};
		56EB8EF2216B0A44009CB1F8 /* Release */ = {
			isa = XCBuildConfiguration;
			buildSettings = {
				ALWAYS_EMBED_SWIFT_STANDARD_LIBRARIES = YES;
				CODE_SIGN_STYLE = Automatic;
				DEVELOPMENT_TEAM = C528296QNY;
				INFOPLIST_FILE = PitchDarkUITests/Info.plist;
				LD_RUNPATH_SEARCH_PATHS = (
					"$(inherited)",
					"@executable_path/Frameworks",
					"@loader_path/Frameworks",
				);
				PRODUCT_BUNDLE_IDENTIFIER = com.codepath.PitchDarkUITests;
				PRODUCT_NAME = "$(TARGET_NAME)";
				SWIFT_VERSION = 4.0;
				TARGETED_DEVICE_FAMILY = "1,2";
				TEST_TARGET_NAME = PitchDark;
			};
			name = Release;
		};
/* End XCBuildConfiguration section */

/* Begin XCConfigurationList section */
		56EB8EBD216B0A42009CB1F8 /* Build configuration list for PBXProject "PitchDark" */ = {
			isa = XCConfigurationList;
			buildConfigurations = (
				56EB8EE8216B0A44009CB1F8 /* Debug */,
				56EB8EE9216B0A44009CB1F8 /* Release */,
			);
			defaultConfigurationIsVisible = 0;
			defaultConfigurationName = Release;
		};
		56EB8EEA216B0A44009CB1F8 /* Build configuration list for PBXNativeTarget "PitchDark" */ = {
			isa = XCConfigurationList;
			buildConfigurations = (
				56EB8EEB216B0A44009CB1F8 /* Debug */,
				56EB8EEC216B0A44009CB1F8 /* Release */,
			);
			defaultConfigurationIsVisible = 0;
			defaultConfigurationName = Release;
		};
		56EB8EED216B0A44009CB1F8 /* Build configuration list for PBXNativeTarget "PitchDarkTests" */ = {
			isa = XCConfigurationList;
			buildConfigurations = (
				56EB8EEE216B0A44009CB1F8 /* Debug */,
				56EB8EEF216B0A44009CB1F8 /* Release */,
			);
			defaultConfigurationIsVisible = 0;
			defaultConfigurationName = Release;
		};
		56EB8EF0216B0A44009CB1F8 /* Build configuration list for PBXNativeTarget "PitchDarkUITests" */ = {
			isa = XCConfigurationList;
			buildConfigurations = (
				56EB8EF1216B0A44009CB1F8 /* Debug */,
				56EB8EF2216B0A44009CB1F8 /* Release */,
			);
			defaultConfigurationIsVisible = 0;
			defaultConfigurationName = Release;
		};
/* End XCConfigurationList section */
	};
	rootObject = 56EB8EBA216B0A42009CB1F8 /* Project object */;
}
